
Microsoft Visual Studio Solution File, Format Version 12.00
# Visual Studio 15
VisualStudioVersion = 15.0.27130.2010
MinimumVisualStudioVersion = 10.0.40219.1
Project("{FAE04EC0-301F-11D3-BF4B-00C04F79EFBC}") = "app", "app\app.csproj", "{8559E611-FFF0-4AE4-9F0B-004261D3527A}"
EndProject
Global
	GlobalSection(SolutionConfigurationPlatforms) = preSolution
		Debug|Any CPU = Debug|Any CPU
		Release|Any CPU = Release|Any CPU
	EndGlobalSection
	GlobalSection(ProjectConfigurationPlatforms) = postSolution
		{8559E611-FFF0-4AE4-9F0B-004261D3527A}.Debug|Any CPU.ActiveCfg = Debug|Any CPU
		{8559E611-FFF0-4AE4-9F0B-004261D3527A}.Debug|Any CPU.Build.0 = Debug|Any CPU
		{8559E611-FFF0-4AE4-9F0B-004261D3527A}.Release|Any CPU.ActiveCfg = Release|Any CPU
		{8559E611-FFF0-4AE4-9F0B-004261D3527A}.Release|Any CPU.Build.0 = Release|Any CPU
	EndGlobalSection
	GlobalSection(SolutionProperties) = preSolution
		HideSolutionNode = FALSE
	EndGlobalSection
	GlobalSection(ExtensibilityGlobals) = postSolution
		SolutionGuid = {399D5472-C35C-4415-AED2-067EE463BB77}
	EndGlobalSection
EndGlobal
